// !$*UTF8*$!
{
	archiveVersion = 1;
	classes = {
	};
	objectVersion = 46;
	objects = {

/* Begin PBXBuildFile section */
		C786AB4419D358DF0077F11C /* Launch Screen.xib in Resources */ = {isa = PBXBuildFile; fileRef = C786AB4319D358DF0077F11C /* Launch Screen.xib */; };
		D102344F1C5D611800A3FF74 /* MRNotificationsModalViewController.m in Sources */ = {isa = PBXBuildFile; fileRef = D102344E1C5D611700A3FF74 /* MRNotificationsModalViewController.m */; };
		D1027F6918904E8400FF44A4 /* Foundation.framework in Frameworks */ = {isa = PBXBuildFile; fileRef = D1027F6818904E8400FF44A4 /* Foundation.framework */; };
		D1027F6B18904E8400FF44A4 /* CoreGraphics.framework in Frameworks */ = {isa = PBXBuildFile; fileRef = D1027F6A18904E8400FF44A4 /* CoreGraphics.framework */; };
		D1027F6D18904E8400FF44A4 /* UIKit.framework in Frameworks */ = {isa = PBXBuildFile; fileRef = D1027F6C18904E8400FF44A4 /* UIKit.framework */; };
		D1027F6F18904E8400FF44A4 /* CoreData.framework in Frameworks */ = {isa = PBXBuildFile; fileRef = D1027F6E18904E8400FF44A4 /* CoreData.framework */; };
		D1027F7518904E8400FF44A4 /* InfoPlist.strings in Resources */ = {isa = PBXBuildFile; fileRef = D1027F7318904E8400FF44A4 /* InfoPlist.strings */; };
		D1027F7718904E8400FF44A4 /* main.m in Sources */ = {isa = PBXBuildFile; fileRef = D1027F7618904E8400FF44A4 /* main.m */; };
		D1027F7B18904E8400FF44A4 /* MRAppDelegate.m in Sources */ = {isa = PBXBuildFile; fileRef = D1027F7A18904E8400FF44A4 /* MRAppDelegate.m */; };
		D1027F8018904E8400FF44A4 /* Images.xcassets in Resources */ = {isa = PBXBuildFile; fileRef = D1027F7F18904E8400FF44A4 /* Images.xcassets */; };
		D1027F8718904E8400FF44A4 /* XCTest.framework in Frameworks */ = {isa = PBXBuildFile; fileRef = D1027F8618904E8400FF44A4 /* XCTest.framework */; };
		D1027F8818904E8400FF44A4 /* Foundation.framework in Frameworks */ = {isa = PBXBuildFile; fileRef = D1027F6818904E8400FF44A4 /* Foundation.framework */; };
		D1027F8918904E8400FF44A4 /* UIKit.framework in Frameworks */ = {isa = PBXBuildFile; fileRef = D1027F6C18904E8400FF44A4 /* UIKit.framework */; };
		D1027F8A18904E8400FF44A4 /* CoreData.framework in Frameworks */ = {isa = PBXBuildFile; fileRef = D1027F6E18904E8400FF44A4 /* CoreData.framework */; };
		D1027F9218904E8400FF44A4 /* InfoPlist.strings in Resources */ = {isa = PBXBuildFile; fileRef = D1027F9018904E8400FF44A4 /* InfoPlist.strings */; };
		D1027FEE1890535700FF44A4 /* Task.m in Sources */ = {isa = PBXBuildFile; fileRef = D1027FED1890535700FF44A4 /* Task.m */; };
		D1049C2B1C66E83C00928504 /* MRTaskNotificationsTableViewController.m in Sources */ = {isa = PBXBuildFile; fileRef = D1049C2A1C66E83C00928504 /* MRTaskNotificationsTableViewController.m */; };
		D1049C2E1C66E8A100928504 /* MRTaskNotificationTableViewCell.m in Sources */ = {isa = PBXBuildFile; fileRef = D1049C2D1C66E8A100928504 /* MRTaskNotificationTableViewCell.m */; };
		D1224AC618A679AE001FC205 /* NSDate+TackleAdditionsTest.m in Sources */ = {isa = PBXBuildFile; fileRef = D1224AC518A679AE001FC205 /* NSDate+TackleAdditionsTest.m */; };
		D1224E721C601CBD002AF215 /* UIImage+TackleAdditions.m in Sources */ = {isa = PBXBuildFile; fileRef = D1224E711C601CBD002AF215 /* UIImage+TackleAdditions.m */; };
		D12E87831894A07B008119B8 /* UIFont+TackleAdditions.m in Sources */ = {isa = PBXBuildFile; fileRef = D12E87821894A07B008119B8 /* UIFont+TackleAdditions.m */; };
		D12E8786189573FC008119B8 /* UIColor+TackleAdditions.m in Sources */ = {isa = PBXBuildFile; fileRef = D12E8785189573FC008119B8 /* UIColor+TackleAdditions.m */; };
		D130A1051C593BD700394EDF /* MessageUI.framework in Frameworks */ = {isa = PBXBuildFile; fileRef = D130A1041C593BD700394EDF /* MessageUI.framework */; };
		D130A1081C59495800394EDF /* Localizable.strings in Resources */ = {isa = PBXBuildFile; fileRef = D130A10A1C59495800394EDF /* Localizable.strings */; };
		D139E57418959F41007163AD /* MRLongDateFormatter.m in Sources */ = {isa = PBXBuildFile; fileRef = D139E57318959F41007163AD /* MRLongDateFormatter.m */; };
		D13A96161B7995280045DC04 /* Tackle.xcdatamodeld in Sources */ = {isa = PBXBuildFile; fileRef = D13A96141B7995280045DC04 /* Tackle.xcdatamodeld */; };
		D14BEC581C633A91009DF800 /* MRTaskArchiveTableViewCell.m in Sources */ = {isa = PBXBuildFile; fileRef = D14BEC571C633A91009DF800 /* MRTaskArchiveTableViewCell.m */; };
		D14BEC5B1C6340C7009DF800 /* MRFullDateFormatter.m in Sources */ = {isa = PBXBuildFile; fileRef = D14BEC5A1C6340C7009DF800 /* MRFullDateFormatter.m */; };
		D15054211A5F5B41000CA868 /* MRNotificationProvider.m in Sources */ = {isa = PBXBuildFile; fileRef = D15054201A5F5B41000CA868 /* MRNotificationProvider.m */; };
		D15991661F2E4E0F007204BD /* MRTaskNotification.m in Sources */ = {isa = PBXBuildFile; fileRef = D15991651F2E4E0F007204BD /* MRTaskNotification.m */; };
		D162856B1A55AB770006929E /* MRScrollView.m in Sources */ = {isa = PBXBuildFile; fileRef = D162856A1A55AB770006929E /* MRScrollView.m */; };
		D17BCFB3189F3D05001996C1 /* UIView+TackleConstraintAdditions.m in Sources */ = {isa = PBXBuildFile; fileRef = D17BCFB2189F3D05001996C1 /* UIView+TackleConstraintAdditions.m */; };
		D194BEBB18A1CCC600E5E4DA /* MRHeartbeat.m in Sources */ = {isa = PBXBuildFile; fileRef = D194BEBA18A1CCC600E5E4DA /* MRHeartbeat.m */; };
		D1974FFE1C599AB700894DD3 /* TackleUITests.m in Sources */ = {isa = PBXBuildFile; fileRef = D1974FFD1C599AB700894DD3 /* TackleUITests.m */; };
		D19C952718A28ACF009082F3 /* NSDate+TackleAdditions.m in Sources */ = {isa = PBXBuildFile; fileRef = D19C952618A28ACF009082F3 /* NSDate+TackleAdditions.m */; };
		D19C952B18A29297009082F3 /* MRMediumDateFormatter.m in Sources */ = {isa = PBXBuildFile; fileRef = D19C952A18A29297009082F3 /* MRMediumDateFormatter.m */; };
		D19C952E18A29368009082F3 /* MRShortDateFormatter.m in Sources */ = {isa = PBXBuildFile; fileRef = D19C952D18A29368009082F3 /* MRShortDateFormatter.m */; };
		D1A36E5A18A2B2070020EAEB /* MRTimeDateFormatter.m in Sources */ = {isa = PBXBuildFile; fileRef = D1A36E5918A2B2070020EAEB /* MRTimeDateFormatter.m */; };
		D1A3FDDB1A505EE400A384FE /* PaintCodeStyleKit.m in Sources */ = {isa = PBXBuildFile; fileRef = D1A3FDDA1A505EE400A384FE /* PaintCodeStyleKit.m */; };
		D1A3FDDE1A511B9F00A384FE /* MRMonthDateFormatter.m in Sources */ = {isa = PBXBuildFile; fileRef = D1A3FDDD1A511B9F00A384FE /* MRMonthDateFormatter.m */; };
		D1BC012D1A539A4B00F87D06 /* MRDatePickerViewController.m in Sources */ = {isa = PBXBuildFile; fileRef = D1BC012C1A539A4B00F87D06 /* MRDatePickerViewController.m */; };
		D1C6CF771C6293F500E7DA00 /* MRDatePickerProvider.m in Sources */ = {isa = PBXBuildFile; fileRef = D1C6CF761C6293F500E7DA00 /* MRDatePickerProvider.m */; };
		D1C6CF7F1C62AF0C00E7DA00 /* tacklespiel.aif in Resources */ = {isa = PBXBuildFile; fileRef = D1C6CF7E1C62AF0C00E7DA00 /* tacklespiel.aif */; };
		D1CF84871A5639890020DB50 /* MRModalViewController.m in Sources */ = {isa = PBXBuildFile; fileRef = D1CF84861A5639890020DB50 /* MRModalViewController.m */; };
		D1CF848D1A563D4B0020DB50 /* UIViewController+MRAdditions.m in Sources */ = {isa = PBXBuildFile; fileRef = D1CF848C1A563D4B0020DB50 /* UIViewController+MRAdditions.m */; };
		D1CFD4EE1A51F455004489AC /* MRTimeInterval.m in Sources */ = {isa = PBXBuildFile; fileRef = D1CFD4ED1A51F455004489AC /* MRTimeInterval.m */; };
		D1D4EB821C59CD6400E15254 /* MRArchiveViewController.m in Sources */ = {isa = PBXBuildFile; fileRef = D1D4EB811C59CD6400E15254 /* MRArchiveViewController.m */; };
		D1D4EB851C59CE3600E15254 /* MRArchiveTableViewController.m in Sources */ = {isa = PBXBuildFile; fileRef = D1D4EB841C59CE3600E15254 /* MRArchiveTableViewController.m */; };
		D1DCB1631C6B9A0700E85F30 /* MRTimer.m in Sources */ = {isa = PBXBuildFile; fileRef = D1DCB1621C6B9A0700E85F30 /* MRTimer.m */; };
		D1E141061A4F79D500992B1E /* MRTaskEditViewController.m in Sources */ = {isa = PBXBuildFile; fileRef = D1E141051A4F79D500992B1E /* MRTaskEditViewController.m */; };
		D1E141091A4F79E600992B1E /* MRTaskListViewController.m in Sources */ = {isa = PBXBuildFile; fileRef = D1E141081A4F79E600992B1E /* MRTaskListViewController.m */; };
		D1E1410C1A4F7A0100992B1E /* MRTaskTableViewController.m in Sources */ = {isa = PBXBuildFile; fileRef = D1E1410B1A4F7A0100992B1E /* MRTaskTableViewController.m */; };
		D1E1410F1A4F7A1E00992B1E /* MRTaskTableViewCell.m in Sources */ = {isa = PBXBuildFile; fileRef = D1E1410E1A4F7A1E00992B1E /* MRTaskTableViewCell.m */; };
		D1E141121A4F7A4300992B1E /* MRRootViewController.m in Sources */ = {isa = PBXBuildFile; fileRef = D1E141111A4F7A4300992B1E /* MRRootViewController.m */; };
		D1E1411A1A4FD37500992B1E /* MRTaskEditNavigationController.m in Sources */ = {isa = PBXBuildFile; fileRef = D1E141191A4FD37500992B1E /* MRTaskEditNavigationController.m */; };
		D1E1411D1A4FDA1A00992B1E /* MRTaskEditTableViewController.m in Sources */ = {isa = PBXBuildFile; fileRef = D1E1411C1A4FDA1A00992B1E /* MRTaskEditTableViewController.m */; };
		D1E141201A4FDD2D00992B1E /* MRAddTimeTableViewCell.m in Sources */ = {isa = PBXBuildFile; fileRef = D1E1411F1A4FDD2D00992B1E /* MRAddTimeTableViewCell.m */; };
		D1E141231A4FE09C00992B1E /* MRHorizontalButton.m in Sources */ = {isa = PBXBuildFile; fileRef = D1E141221A4FE09C00992B1E /* MRHorizontalButton.m */; };
		D1E141261A4FE22200992B1E /* MRDateCollectionViewCell.m in Sources */ = {isa = PBXBuildFile; fileRef = D1E141251A4FE22200992B1E /* MRDateCollectionViewCell.m */; };
		D1E141291A4FE23E00992B1E /* MRCalendarCollectionViewController.m in Sources */ = {isa = PBXBuildFile; fileRef = D1E141281A4FE23E00992B1E /* MRCalendarCollectionViewController.m */; };
		D1E1412C1A4FE77F00992B1E /* MRWeekdayDateFormatter.m in Sources */ = {isa = PBXBuildFile; fileRef = D1E1412B1A4FE77F00992B1E /* MRWeekdayDateFormatter.m */; };
		D1E1412F1A4FE82000992B1E /* MRDayOfMonthDateFormatter.m in Sources */ = {isa = PBXBuildFile; fileRef = D1E1412E1A4FE82000992B1E /* MRDayOfMonthDateFormatter.m */; };
		D1E141321A4FEC8700992B1E /* MRCalendarCollectionViewFlowLayout.m in Sources */ = {isa = PBXBuildFile; fileRef = D1E141311A4FEC8700992B1E /* MRCalendarCollectionViewFlowLayout.m */; };
		D1EEDFED1C6AE1820020B083 /* MRNotificationPermissionsProvider.m in Sources */ = {isa = PBXBuildFile; fileRef = D1EEDFEC1C6AE1820020B083 /* MRNotificationPermissionsProvider.m */; };
		D1EF530B1C582B2300C71997 /* MRCreditsViewController.m in Sources */ = {isa = PBXBuildFile; fileRef = D1EF530A1C582B2300C71997 /* MRCreditsViewController.m */; };
		D1F0E8791D0F5C3B00C14C28 /* UserNotifications.framework in Frameworks */ = {isa = PBXBuildFile; fileRef = D1F0E8781D0F5C3B00C14C28 /* UserNotifications.framework */; };
		D1F0EA1F1C626EFF00E0795E /* UIView+TackleDisplayAdditions.m in Sources */ = {isa = PBXBuildFile; fileRef = D1F0EA1E1C626EFF00E0795E /* UIView+TackleDisplayAdditions.m */; };
		D1F652921AF1317500085D88 /* MRPersistenceController.m in Sources */ = {isa = PBXBuildFile; fileRef = D1F652911AF1317500085D88 /* MRPersistenceController.m */; };
/* End PBXBuildFile section */

/* Begin PBXContainerItemProxy section */
		D1027F8B18904E8400FF44A4 /* PBXContainerItemProxy */ = {
			isa = PBXContainerItemProxy;
			containerPortal = D1027F5D18904E8400FF44A4 /* Project object */;
			proxyType = 1;
			remoteGlobalIDString = D1027F6418904E8400FF44A4;
			remoteInfo = Tackle;
		};
		D19750001C599AB700894DD3 /* PBXContainerItemProxy */ = {
			isa = PBXContainerItemProxy;
			containerPortal = D1027F5D18904E8400FF44A4 /* Project object */;
			proxyType = 1;
			remoteGlobalIDString = D1027F6418904E8400FF44A4;
			remoteInfo = Tackle;
		};
/* End PBXContainerItemProxy section */

/* Begin PBXCopyFilesBuildPhase section */
		D12D719E1B78FAE1008CF978 /* Embed Watch Content */ = {
			isa = PBXCopyFilesBuildPhase;
			buildActionMask = 2147483647;
			dstPath = "$(CONTENTS_FOLDER_PATH)/Watch";
			dstSubfolderSpec = 16;
			files = (
			);
			name = "Embed Watch Content";
			runOnlyForDeploymentPostprocessing = 0;
		};
		D15054191A5F54AA000CA868 /* Embed App Extensions */ = {
			isa = PBXCopyFilesBuildPhase;
			buildActionMask = 2147483647;
			dstPath = "";
			dstSubfolderSpec = 13;
			files = (
			);
			name = "Embed App Extensions";
			runOnlyForDeploymentPostprocessing = 0;
		};
/* End PBXCopyFilesBuildPhase section */

/* Begin PBXFileReference section */
		C786AB4319D358DF0077F11C /* Launch Screen.xib */ = {isa = PBXFileReference; fileEncoding = 4; lastKnownFileType = file.xib; name = "Launch Screen.xib"; path = "Resources/Launch Screen.xib"; sourceTree = "<group>"; };
		D102344D1C5D611700A3FF74 /* MRNotificationsModalViewController.h */ = {isa = PBXFileReference; fileEncoding = 4; lastKnownFileType = sourcecode.c.h; path = MRNotificationsModalViewController.h; sourceTree = "<group>"; };
		D102344E1C5D611700A3FF74 /* MRNotificationsModalViewController.m */ = {isa = PBXFileReference; fileEncoding = 4; lastKnownFileType = sourcecode.c.objc; path = MRNotificationsModalViewController.m; sourceTree = "<group>"; };
		D1027F6518904E8400FF44A4 /* Tackle.app */ = {isa = PBXFileReference; explicitFileType = wrapper.application; includeInIndex = 0; path = Tackle.app; sourceTree = BUILT_PRODUCTS_DIR; };
		D1027F6818904E8400FF44A4 /* Foundation.framework */ = {isa = PBXFileReference; lastKnownFileType = wrapper.framework; name = Foundation.framework; path = System/Library/Frameworks/Foundation.framework; sourceTree = SDKROOT; };
		D1027F6A18904E8400FF44A4 /* CoreGraphics.framework */ = {isa = PBXFileReference; lastKnownFileType = wrapper.framework; name = CoreGraphics.framework; path = System/Library/Frameworks/CoreGraphics.framework; sourceTree = SDKROOT; };
		D1027F6C18904E8400FF44A4 /* UIKit.framework */ = {isa = PBXFileReference; lastKnownFileType = wrapper.framework; name = UIKit.framework; path = System/Library/Frameworks/UIKit.framework; sourceTree = SDKROOT; };
		D1027F6E18904E8400FF44A4 /* CoreData.framework */ = {isa = PBXFileReference; lastKnownFileType = wrapper.framework; name = CoreData.framework; path = System/Library/Frameworks/CoreData.framework; sourceTree = SDKROOT; };
		D1027F7218904E8400FF44A4 /* Tackle-Info.plist */ = {isa = PBXFileReference; lastKnownFileType = text.plist.xml; path = "Tackle-Info.plist"; sourceTree = "<group>"; };
		D1027F7418904E8400FF44A4 /* en */ = {isa = PBXFileReference; lastKnownFileType = text.plist.strings; name = en; path = en.lproj/InfoPlist.strings; sourceTree = "<group>"; };
		D1027F7618904E8400FF44A4 /* main.m */ = {isa = PBXFileReference; lastKnownFileType = sourcecode.c.objc; path = main.m; sourceTree = "<group>"; };
		D1027F7818904E8400FF44A4 /* Tackle-Prefix.pch */ = {isa = PBXFileReference; lastKnownFileType = sourcecode.c.h; path = "Tackle-Prefix.pch"; sourceTree = "<group>"; };
		D1027F7918904E8400FF44A4 /* MRAppDelegate.h */ = {isa = PBXFileReference; lastKnownFileType = sourcecode.c.h; path = MRAppDelegate.h; sourceTree = "<group>"; };
		D1027F7A18904E8400FF44A4 /* MRAppDelegate.m */ = {isa = PBXFileReference; lastKnownFileType = sourcecode.c.objc; path = MRAppDelegate.m; sourceTree = "<group>"; };
		D1027F7F18904E8400FF44A4 /* Images.xcassets */ = {isa = PBXFileReference; lastKnownFileType = folder.assetcatalog; name = Images.xcassets; path = Resources/Images.xcassets; sourceTree = "<group>"; };
		D1027F8518904E8400FF44A4 /* TackleTests.xctest */ = {isa = PBXFileReference; explicitFileType = wrapper.cfbundle; includeInIndex = 0; path = TackleTests.xctest; sourceTree = BUILT_PRODUCTS_DIR; };
		D1027F8618904E8400FF44A4 /* XCTest.framework */ = {isa = PBXFileReference; lastKnownFileType = wrapper.framework; name = XCTest.framework; path = Library/Frameworks/XCTest.framework; sourceTree = DEVELOPER_DIR; };
		D1027F8F18904E8400FF44A4 /* TackleTests-Info.plist */ = {isa = PBXFileReference; lastKnownFileType = text.plist.xml; path = "TackleTests-Info.plist"; sourceTree = "<group>"; };
		D1027F9118904E8400FF44A4 /* en */ = {isa = PBXFileReference; lastKnownFileType = text.plist.strings; name = en; path = en.lproj/InfoPlist.strings; sourceTree = "<group>"; };
		D1027FEC1890535700FF44A4 /* Task.h */ = {isa = PBXFileReference; fileEncoding = 4; lastKnownFileType = sourcecode.c.h; path = Task.h; sourceTree = "<group>"; };
		D1027FED1890535700FF44A4 /* Task.m */ = {isa = PBXFileReference; fileEncoding = 4; lastKnownFileType = sourcecode.c.objc; path = Task.m; sourceTree = "<group>"; };
		D1049C291C66E83C00928504 /* MRTaskNotificationsTableViewController.h */ = {isa = PBXFileReference; fileEncoding = 4; lastKnownFileType = sourcecode.c.h; path = MRTaskNotificationsTableViewController.h; sourceTree = "<group>"; };
		D1049C2A1C66E83C00928504 /* MRTaskNotificationsTableViewController.m */ = {isa = PBXFileReference; fileEncoding = 4; lastKnownFileType = sourcecode.c.objc; path = MRTaskNotificationsTableViewController.m; sourceTree = "<group>"; };
		D1049C2C1C66E8A100928504 /* MRTaskNotificationTableViewCell.h */ = {isa = PBXFileReference; fileEncoding = 4; lastKnownFileType = sourcecode.c.h; path = MRTaskNotificationTableViewCell.h; sourceTree = "<group>"; };
		D1049C2D1C66E8A100928504 /* MRTaskNotificationTableViewCell.m */ = {isa = PBXFileReference; fileEncoding = 4; lastKnownFileType = sourcecode.c.objc; path = MRTaskNotificationTableViewCell.m; sourceTree = "<group>"; };
		D10B9EA41EE62774003D4C49 /* Tackle.entitlements */ = {isa = PBXFileReference; lastKnownFileType = text.plist.entitlements; path = Tackle.entitlements; sourceTree = "<group>"; };
		D10B9EB31EE62DF5003D4C49 /* IntentsUI.framework */ = {isa = PBXFileReference; lastKnownFileType = wrapper.framework; name = IntentsUI.framework; path = System/Library/Frameworks/IntentsUI.framework; sourceTree = SDKROOT; };
		D1224AC518A679AE001FC205 /* NSDate+TackleAdditionsTest.m */ = {isa = PBXFileReference; fileEncoding = 4; lastKnownFileType = sourcecode.c.objc; path = "NSDate+TackleAdditionsTest.m"; sourceTree = "<group>"; };
		D1224E701C601CBD002AF215 /* UIImage+TackleAdditions.h */ = {isa = PBXFileReference; fileEncoding = 4; lastKnownFileType = sourcecode.c.h; path = "UIImage+TackleAdditions.h"; sourceTree = "<group>"; };
		D1224E711C601CBD002AF215 /* UIImage+TackleAdditions.m */ = {isa = PBXFileReference; fileEncoding = 4; lastKnownFileType = sourcecode.c.objc; path = "UIImage+TackleAdditions.m"; sourceTree = "<group>"; };
		D12E87811894A07B008119B8 /* UIFont+TackleAdditions.h */ = {isa = PBXFileReference; fileEncoding = 4; lastKnownFileType = sourcecode.c.h; path = "UIFont+TackleAdditions.h"; sourceTree = "<group>"; };
		D12E87821894A07B008119B8 /* UIFont+TackleAdditions.m */ = {isa = PBXFileReference; fileEncoding = 4; lastKnownFileType = sourcecode.c.objc; path = "UIFont+TackleAdditions.m"; sourceTree = "<group>"; };
		D12E8784189573FC008119B8 /* UIColor+TackleAdditions.h */ = {isa = PBXFileReference; fileEncoding = 4; lastKnownFileType = sourcecode.c.h; path = "UIColor+TackleAdditions.h"; sourceTree = "<group>"; };
		D12E8785189573FC008119B8 /* UIColor+TackleAdditions.m */ = {isa = PBXFileReference; fileEncoding = 4; lastKnownFileType = sourcecode.c.objc; path = "UIColor+TackleAdditions.m"; sourceTree = "<group>"; };
		D130A1041C593BD700394EDF /* MessageUI.framework */ = {isa = PBXFileReference; lastKnownFileType = wrapper.framework; name = MessageUI.framework; path = System/Library/Frameworks/MessageUI.framework; sourceTree = SDKROOT; };
		D130A1091C59495800394EDF /* Base */ = {isa = PBXFileReference; lastKnownFileType = text.plist.strings; name = Base; path = Base.lproj/Localizable.strings; sourceTree = "<group>"; };
		D1345D6C1C59D7C9008A2652 /* MRArchiveTaskTableViewDelegate.h */ = {isa = PBXFileReference; fileEncoding = 4; lastKnownFileType = sourcecode.c.h; path = MRArchiveTaskTableViewDelegate.h; sourceTree = "<group>"; };
		D139E57218959F41007163AD /* MRLongDateFormatter.h */ = {isa = PBXFileReference; fileEncoding = 4; lastKnownFileType = sourcecode.c.h; path = MRLongDateFormatter.h; sourceTree = "<group>"; };
		D139E57318959F41007163AD /* MRLongDateFormatter.m */ = {isa = PBXFileReference; fileEncoding = 4; lastKnownFileType = sourcecode.c.objc; path = MRLongDateFormatter.m; sourceTree = "<group>"; };
		D13A96151B7995280045DC04 /* Tackle.xcdatamodel */ = {isa = PBXFileReference; lastKnownFileType = wrapper.xcdatamodel; path = Tackle.xcdatamodel; sourceTree = "<group>"; };
		D14BEC561C633A91009DF800 /* MRTaskArchiveTableViewCell.h */ = {isa = PBXFileReference; fileEncoding = 4; lastKnownFileType = sourcecode.c.h; path = MRTaskArchiveTableViewCell.h; sourceTree = "<group>"; };
		D14BEC571C633A91009DF800 /* MRTaskArchiveTableViewCell.m */ = {isa = PBXFileReference; fileEncoding = 4; lastKnownFileType = sourcecode.c.objc; path = MRTaskArchiveTableViewCell.m; sourceTree = "<group>"; };
		D14BEC591C6340C7009DF800 /* MRFullDateFormatter.h */ = {isa = PBXFileReference; fileEncoding = 4; lastKnownFileType = sourcecode.c.h; path = MRFullDateFormatter.h; sourceTree = "<group>"; };
		D14BEC5A1C6340C7009DF800 /* MRFullDateFormatter.m */ = {isa = PBXFileReference; fileEncoding = 4; lastKnownFileType = sourcecode.c.objc; path = MRFullDateFormatter.m; sourceTree = "<group>"; };
		D150541F1A5F5B41000CA868 /* MRNotificationProvider.h */ = {isa = PBXFileReference; fileEncoding = 4; lastKnownFileType = sourcecode.c.h; path = MRNotificationProvider.h; sourceTree = "<group>"; };
		D15054201A5F5B41000CA868 /* MRNotificationProvider.m */ = {isa = PBXFileReference; fileEncoding = 4; lastKnownFileType = sourcecode.c.objc; path = MRNotificationProvider.m; sourceTree = "<group>"; };
		D15991641F2E4E0F007204BD /* MRTaskNotification.h */ = {isa = PBXFileReference; lastKnownFileType = sourcecode.c.h; path = MRTaskNotification.h; sourceTree = "<group>"; };
		D15991651F2E4E0F007204BD /* MRTaskNotification.m */ = {isa = PBXFileReference; lastKnownFileType = sourcecode.c.objc; path = MRTaskNotification.m; sourceTree = "<group>"; };
		D16285691A55AB770006929E /* MRScrollView.h */ = {isa = PBXFileReference; fileEncoding = 4; lastKnownFileType = sourcecode.c.h; path = MRScrollView.h; sourceTree = "<group>"; };
		D162856A1A55AB770006929E /* MRScrollView.m */ = {isa = PBXFileReference; fileEncoding = 4; lastKnownFileType = sourcecode.c.objc; path = MRScrollView.m; sourceTree = "<group>"; };
		D17BCFB1189F3D05001996C1 /* UIView+TackleConstraintAdditions.h */ = {isa = PBXFileReference; fileEncoding = 4; lastKnownFileType = sourcecode.c.h; path = "UIView+TackleConstraintAdditions.h"; sourceTree = "<group>"; };
		D17BCFB2189F3D05001996C1 /* UIView+TackleConstraintAdditions.m */ = {isa = PBXFileReference; fileEncoding = 4; lastKnownFileType = sourcecode.c.objc; path = "UIView+TackleConstraintAdditions.m"; sourceTree = "<group>"; };
		D194BEB918A1CCC600E5E4DA /* MRHeartbeat.h */ = {isa = PBXFileReference; fileEncoding = 4; lastKnownFileType = sourcecode.c.h; path = MRHeartbeat.h; sourceTree = "<group>"; };
		D194BEBA18A1CCC600E5E4DA /* MRHeartbeat.m */ = {isa = PBXFileReference; fileEncoding = 4; lastKnownFileType = sourcecode.c.objc; path = MRHeartbeat.m; sourceTree = "<group>"; };
		D1974FFB1C599AB700894DD3 /* TackleUITests.xctest */ = {isa = PBXFileReference; explicitFileType = wrapper.cfbundle; includeInIndex = 0; path = TackleUITests.xctest; sourceTree = BUILT_PRODUCTS_DIR; };
		D1974FFD1C599AB700894DD3 /* TackleUITests.m */ = {isa = PBXFileReference; lastKnownFileType = sourcecode.c.objc; path = TackleUITests.m; sourceTree = "<group>"; };
		D1974FFF1C599AB700894DD3 /* Info.plist */ = {isa = PBXFileReference; lastKnownFileType = text.plist.xml; path = Info.plist; sourceTree = "<group>"; };
		D19C952518A28ACF009082F3 /* NSDate+TackleAdditions.h */ = {isa = PBXFileReference; fileEncoding = 4; lastKnownFileType = sourcecode.c.h; path = "NSDate+TackleAdditions.h"; sourceTree = "<group>"; };
		D19C952618A28ACF009082F3 /* NSDate+TackleAdditions.m */ = {isa = PBXFileReference; fileEncoding = 4; lastKnownFileType = sourcecode.c.objc; path = "NSDate+TackleAdditions.m"; sourceTree = "<group>"; };
		D19C952918A29297009082F3 /* MRMediumDateFormatter.h */ = {isa = PBXFileReference; fileEncoding = 4; lastKnownFileType = sourcecode.c.h; path = MRMediumDateFormatter.h; sourceTree = "<group>"; };
		D19C952A18A29297009082F3 /* MRMediumDateFormatter.m */ = {isa = PBXFileReference; fileEncoding = 4; lastKnownFileType = sourcecode.c.objc; path = MRMediumDateFormatter.m; sourceTree = "<group>"; };
		D19C952C18A29368009082F3 /* MRShortDateFormatter.h */ = {isa = PBXFileReference; fileEncoding = 4; lastKnownFileType = sourcecode.c.h; path = MRShortDateFormatter.h; sourceTree = "<group>"; };
		D19C952D18A29368009082F3 /* MRShortDateFormatter.m */ = {isa = PBXFileReference; fileEncoding = 4; lastKnownFileType = sourcecode.c.objc; path = MRShortDateFormatter.m; sourceTree = "<group>"; };
		D1A36E5818A2B2070020EAEB /* MRTimeDateFormatter.h */ = {isa = PBXFileReference; fileEncoding = 4; lastKnownFileType = sourcecode.c.h; path = MRTimeDateFormatter.h; sourceTree = "<group>"; };
		D1A36E5918A2B2070020EAEB /* MRTimeDateFormatter.m */ = {isa = PBXFileReference; fileEncoding = 4; lastKnownFileType = sourcecode.c.objc; path = MRTimeDateFormatter.m; sourceTree = "<group>"; };
		D1A3FDD91A505EE400A384FE /* PaintCodeStyleKit.h */ = {isa = PBXFileReference; fileEncoding = 4; lastKnownFileType = sourcecode.c.h; path = PaintCodeStyleKit.h; sourceTree = "<group>"; };
		D1A3FDDA1A505EE400A384FE /* PaintCodeStyleKit.m */ = {isa = PBXFileReference; fileEncoding = 4; lastKnownFileType = sourcecode.c.objc; path = PaintCodeStyleKit.m; sourceTree = "<group>"; };
		D1A3FDDC1A511B9F00A384FE /* MRMonthDateFormatter.h */ = {isa = PBXFileReference; fileEncoding = 4; lastKnownFileType = sourcecode.c.h; path = MRMonthDateFormatter.h; sourceTree = "<group>"; };
		D1A3FDDD1A511B9F00A384FE /* MRMonthDateFormatter.m */ = {isa = PBXFileReference; fileEncoding = 4; lastKnownFileType = sourcecode.c.objc; path = MRMonthDateFormatter.m; sourceTree = "<group>"; };
		D1AD45BE1A59BDE3001FDAC5 /* MRTaskTableViewDelegate.h */ = {isa = PBXFileReference; fileEncoding = 4; lastKnownFileType = sourcecode.c.h; path = MRTaskTableViewDelegate.h; sourceTree = "<group>"; };
		D1BC012B1A539A4B00F87D06 /* MRDatePickerViewController.h */ = {isa = PBXFileReference; fileEncoding = 4; lastKnownFileType = sourcecode.c.h; path = MRDatePickerViewController.h; sourceTree = "<group>"; };
		D1BC012C1A539A4B00F87D06 /* MRDatePickerViewController.m */ = {isa = PBXFileReference; fileEncoding = 4; lastKnownFileType = sourcecode.c.objc; path = MRDatePickerViewController.m; sourceTree = "<group>"; };
		D1C6CF751C6293F500E7DA00 /* MRDatePickerProvider.h */ = {isa = PBXFileReference; fileEncoding = 4; lastKnownFileType = sourcecode.c.h; path = MRDatePickerProvider.h; sourceTree = "<group>"; };
		D1C6CF761C6293F500E7DA00 /* MRDatePickerProvider.m */ = {isa = PBXFileReference; fileEncoding = 4; lastKnownFileType = sourcecode.c.objc; path = MRDatePickerProvider.m; sourceTree = "<group>"; };
		D1C6CF7E1C62AF0C00E7DA00 /* tacklespiel.aif */ = {isa = PBXFileReference; lastKnownFileType = file; path = tacklespiel.aif; sourceTree = "<group>"; };
		D1CF84851A5639890020DB50 /* MRModalViewController.h */ = {isa = PBXFileReference; fileEncoding = 4; lastKnownFileType = sourcecode.c.h; path = MRModalViewController.h; sourceTree = "<group>"; };
		D1CF84861A5639890020DB50 /* MRModalViewController.m */ = {isa = PBXFileReference; fileEncoding = 4; lastKnownFileType = sourcecode.c.objc; path = MRModalViewController.m; sourceTree = "<group>"; };
		D1CF848B1A563D4B0020DB50 /* UIViewController+MRAdditions.h */ = {isa = PBXFileReference; fileEncoding = 4; lastKnownFileType = sourcecode.c.h; path = "UIViewController+MRAdditions.h"; sourceTree = "<group>"; };
		D1CF848C1A563D4B0020DB50 /* UIViewController+MRAdditions.m */ = {isa = PBXFileReference; fileEncoding = 4; lastKnownFileType = sourcecode.c.objc; path = "UIViewController+MRAdditions.m"; sourceTree = "<group>"; };
		D1CFD4EC1A51F455004489AC /* MRTimeInterval.h */ = {isa = PBXFileReference; fileEncoding = 4; lastKnownFileType = sourcecode.c.h; path = MRTimeInterval.h; sourceTree = "<group>"; };
		D1CFD4ED1A51F455004489AC /* MRTimeInterval.m */ = {isa = PBXFileReference; fileEncoding = 4; lastKnownFileType = sourcecode.c.objc; path = MRTimeInterval.m; sourceTree = "<group>"; };
		D1D4EB801C59CD6400E15254 /* MRArchiveViewController.h */ = {isa = PBXFileReference; fileEncoding = 4; lastKnownFileType = sourcecode.c.h; path = MRArchiveViewController.h; sourceTree = "<group>"; };
		D1D4EB811C59CD6400E15254 /* MRArchiveViewController.m */ = {isa = PBXFileReference; fileEncoding = 4; lastKnownFileType = sourcecode.c.objc; path = MRArchiveViewController.m; sourceTree = "<group>"; };
		D1D4EB831C59CE3600E15254 /* MRArchiveTableViewController.h */ = {isa = PBXFileReference; fileEncoding = 4; lastKnownFileType = sourcecode.c.h; path = MRArchiveTableViewController.h; sourceTree = "<group>"; };
		D1D4EB841C59CE3600E15254 /* MRArchiveTableViewController.m */ = {isa = PBXFileReference; fileEncoding = 4; lastKnownFileType = sourcecode.c.objc; path = MRArchiveTableViewController.m; sourceTree = "<group>"; };
		D1DCB1611C6B9A0700E85F30 /* MRTimer.h */ = {isa = PBXFileReference; fileEncoding = 4; lastKnownFileType = sourcecode.c.h; path = MRTimer.h; sourceTree = "<group>"; };
		D1DCB1621C6B9A0700E85F30 /* MRTimer.m */ = {isa = PBXFileReference; fileEncoding = 4; lastKnownFileType = sourcecode.c.objc; path = MRTimer.m; sourceTree = "<group>"; };
		D1E141041A4F79D500992B1E /* MRTaskEditViewController.h */ = {isa = PBXFileReference; fileEncoding = 4; lastKnownFileType = sourcecode.c.h; path = MRTaskEditViewController.h; sourceTree = "<group>"; };
		D1E141051A4F79D500992B1E /* MRTaskEditViewController.m */ = {isa = PBXFileReference; fileEncoding = 4; lastKnownFileType = sourcecode.c.objc; path = MRTaskEditViewController.m; sourceTree = "<group>"; };
		D1E141071A4F79E600992B1E /* MRTaskListViewController.h */ = {isa = PBXFileReference; fileEncoding = 4; lastKnownFileType = sourcecode.c.h; path = MRTaskListViewController.h; sourceTree = "<group>"; };
		D1E141081A4F79E600992B1E /* MRTaskListViewController.m */ = {isa = PBXFileReference; fileEncoding = 4; lastKnownFileType = sourcecode.c.objc; path = MRTaskListViewController.m; sourceTree = "<group>"; };
		D1E1410A1A4F7A0100992B1E /* MRTaskTableViewController.h */ = {isa = PBXFileReference; fileEncoding = 4; lastKnownFileType = sourcecode.c.h; path = MRTaskTableViewController.h; sourceTree = "<group>"; };
		D1E1410B1A4F7A0100992B1E /* MRTaskTableViewController.m */ = {isa = PBXFileReference; fileEncoding = 4; lastKnownFileType = sourcecode.c.objc; path = MRTaskTableViewController.m; sourceTree = "<group>"; };
		D1E1410D1A4F7A1E00992B1E /* MRTaskTableViewCell.h */ = {isa = PBXFileReference; fileEncoding = 4; lastKnownFileType = sourcecode.c.h; path = MRTaskTableViewCell.h; sourceTree = "<group>"; };
		D1E1410E1A4F7A1E00992B1E /* MRTaskTableViewCell.m */ = {isa = PBXFileReference; fileEncoding = 4; lastKnownFileType = sourcecode.c.objc; path = MRTaskTableViewCell.m; sourceTree = "<group>"; };
		D1E141101A4F7A4300992B1E /* MRRootViewController.h */ = {isa = PBXFileReference; fileEncoding = 4; lastKnownFileType = sourcecode.c.h; path = MRRootViewController.h; sourceTree = "<group>"; };
		D1E141111A4F7A4300992B1E /* MRRootViewController.m */ = {isa = PBXFileReference; fileEncoding = 4; lastKnownFileType = sourcecode.c.objc; path = MRRootViewController.m; sourceTree = "<group>"; };
		D1E141181A4FD37500992B1E /* MRTaskEditNavigationController.h */ = {isa = PBXFileReference; fileEncoding = 4; lastKnownFileType = sourcecode.c.h; path = MRTaskEditNavigationController.h; sourceTree = "<group>"; };
		D1E141191A4FD37500992B1E /* MRTaskEditNavigationController.m */ = {isa = PBXFileReference; fileEncoding = 4; lastKnownFileType = sourcecode.c.objc; path = MRTaskEditNavigationController.m; sourceTree = "<group>"; };
		D1E1411B1A4FDA1A00992B1E /* MRTaskEditTableViewController.h */ = {isa = PBXFileReference; fileEncoding = 4; lastKnownFileType = sourcecode.c.h; path = MRTaskEditTableViewController.h; sourceTree = "<group>"; };
		D1E1411C1A4FDA1A00992B1E /* MRTaskEditTableViewController.m */ = {isa = PBXFileReference; fileEncoding = 4; lastKnownFileType = sourcecode.c.objc; path = MRTaskEditTableViewController.m; sourceTree = "<group>"; };
		D1E1411E1A4FDD2D00992B1E /* MRAddTimeTableViewCell.h */ = {isa = PBXFileReference; fileEncoding = 4; lastKnownFileType = sourcecode.c.h; path = MRAddTimeTableViewCell.h; sourceTree = "<group>"; };
		D1E1411F1A4FDD2D00992B1E /* MRAddTimeTableViewCell.m */ = {isa = PBXFileReference; fileEncoding = 4; lastKnownFileType = sourcecode.c.objc; path = MRAddTimeTableViewCell.m; sourceTree = "<group>"; };
		D1E141211A4FE09C00992B1E /* MRHorizontalButton.h */ = {isa = PBXFileReference; fileEncoding = 4; lastKnownFileType = sourcecode.c.h; path = MRHorizontalButton.h; sourceTree = "<group>"; };
		D1E141221A4FE09C00992B1E /* MRHorizontalButton.m */ = {isa = PBXFileReference; fileEncoding = 4; lastKnownFileType = sourcecode.c.objc; path = MRHorizontalButton.m; sourceTree = "<group>"; };
		D1E141241A4FE22200992B1E /* MRDateCollectionViewCell.h */ = {isa = PBXFileReference; fileEncoding = 4; lastKnownFileType = sourcecode.c.h; path = MRDateCollectionViewCell.h; sourceTree = "<group>"; };
		D1E141251A4FE22200992B1E /* MRDateCollectionViewCell.m */ = {isa = PBXFileReference; fileEncoding = 4; lastKnownFileType = sourcecode.c.objc; path = MRDateCollectionViewCell.m; sourceTree = "<group>"; };
		D1E141271A4FE23E00992B1E /* MRCalendarCollectionViewController.h */ = {isa = PBXFileReference; fileEncoding = 4; lastKnownFileType = sourcecode.c.h; path = MRCalendarCollectionViewController.h; sourceTree = "<group>"; };
		D1E141281A4FE23E00992B1E /* MRCalendarCollectionViewController.m */ = {isa = PBXFileReference; fileEncoding = 4; lastKnownFileType = sourcecode.c.objc; path = MRCalendarCollectionViewController.m; sourceTree = "<group>"; };
		D1E1412A1A4FE77F00992B1E /* MRWeekdayDateFormatter.h */ = {isa = PBXFileReference; fileEncoding = 4; lastKnownFileType = sourcecode.c.h; path = MRWeekdayDateFormatter.h; sourceTree = "<group>"; };
		D1E1412B1A4FE77F00992B1E /* MRWeekdayDateFormatter.m */ = {isa = PBXFileReference; fileEncoding = 4; lastKnownFileType = sourcecode.c.objc; path = MRWeekdayDateFormatter.m; sourceTree = "<group>"; };
		D1E1412D1A4FE82000992B1E /* MRDayOfMonthDateFormatter.h */ = {isa = PBXFileReference; fileEncoding = 4; lastKnownFileType = sourcecode.c.h; path = MRDayOfMonthDateFormatter.h; sourceTree = "<group>"; };
		D1E1412E1A4FE82000992B1E /* MRDayOfMonthDateFormatter.m */ = {isa = PBXFileReference; fileEncoding = 4; lastKnownFileType = sourcecode.c.objc; path = MRDayOfMonthDateFormatter.m; sourceTree = "<group>"; };
		D1E141301A4FEC8700992B1E /* MRCalendarCollectionViewFlowLayout.h */ = {isa = PBXFileReference; fileEncoding = 4; lastKnownFileType = sourcecode.c.h; path = MRCalendarCollectionViewFlowLayout.h; sourceTree = "<group>"; };
		D1E141311A4FEC8700992B1E /* MRCalendarCollectionViewFlowLayout.m */ = {isa = PBXFileReference; fileEncoding = 4; lastKnownFileType = sourcecode.c.objc; path = MRCalendarCollectionViewFlowLayout.m; sourceTree = "<group>"; };
		D1EEDFEB1C6AE1820020B083 /* MRNotificationPermissionsProvider.h */ = {isa = PBXFileReference; fileEncoding = 4; lastKnownFileType = sourcecode.c.h; path = MRNotificationPermissionsProvider.h; sourceTree = "<group>"; };
		D1EEDFEC1C6AE1820020B083 /* MRNotificationPermissionsProvider.m */ = {isa = PBXFileReference; fileEncoding = 4; lastKnownFileType = sourcecode.c.objc; path = MRNotificationPermissionsProvider.m; sourceTree = "<group>"; };
		D1EF53091C582B2300C71997 /* MRCreditsViewController.h */ = {isa = PBXFileReference; fileEncoding = 4; lastKnownFileType = sourcecode.c.h; path = MRCreditsViewController.h; sourceTree = "<group>"; };
		D1EF530A1C582B2300C71997 /* MRCreditsViewController.m */ = {isa = PBXFileReference; fileEncoding = 4; lastKnownFileType = sourcecode.c.objc; path = MRCreditsViewController.m; sourceTree = "<group>"; };
		D1F0E8781D0F5C3B00C14C28 /* UserNotifications.framework */ = {isa = PBXFileReference; lastKnownFileType = wrapper.framework; name = UserNotifications.framework; path = System/Library/Frameworks/UserNotifications.framework; sourceTree = SDKROOT; };
		D1F0EA1D1C626EFF00E0795E /* UIView+TackleDisplayAdditions.h */ = {isa = PBXFileReference; fileEncoding = 4; lastKnownFileType = sourcecode.c.h; path = "UIView+TackleDisplayAdditions.h"; sourceTree = "<group>"; };
		D1F0EA1E1C626EFF00E0795E /* UIView+TackleDisplayAdditions.m */ = {isa = PBXFileReference; fileEncoding = 4; lastKnownFileType = sourcecode.c.objc; path = "UIView+TackleDisplayAdditions.m"; sourceTree = "<group>"; };
		D1F652901AF1317500085D88 /* MRPersistenceController.h */ = {isa = PBXFileReference; fileEncoding = 4; lastKnownFileType = sourcecode.c.h; path = MRPersistenceController.h; sourceTree = "<group>"; };
		D1F652911AF1317500085D88 /* MRPersistenceController.m */ = {isa = PBXFileReference; fileEncoding = 4; lastKnownFileType = sourcecode.c.objc; path = MRPersistenceController.m; sourceTree = "<group>"; };
		D1F9688F1A565338009813C0 /* Accelerate.framework */ = {isa = PBXFileReference; lastKnownFileType = wrapper.framework; name = Accelerate.framework; path = System/Library/Frameworks/Accelerate.framework; sourceTree = SDKROOT; };
/* End PBXFileReference section */

/* Begin PBXFrameworksBuildPhase section */
		D1027F6218904E8400FF44A4 /* Frameworks */ = {
			isa = PBXFrameworksBuildPhase;
			buildActionMask = 2147483647;
			files = (
				D1F0E8791D0F5C3B00C14C28 /* UserNotifications.framework in Frameworks */,
				D130A1051C593BD700394EDF /* MessageUI.framework in Frameworks */,
				D1027F6B18904E8400FF44A4 /* CoreGraphics.framework in Frameworks */,
				D1027F6F18904E8400FF44A4 /* CoreData.framework in Frameworks */,
				D1027F6D18904E8400FF44A4 /* UIKit.framework in Frameworks */,
				D1027F6918904E8400FF44A4 /* Foundation.framework in Frameworks */,
			);
			runOnlyForDeploymentPostprocessing = 0;
		};
		D1027F8218904E8400FF44A4 /* Frameworks */ = {
			isa = PBXFrameworksBuildPhase;
			buildActionMask = 2147483647;
			files = (
				D1027F8718904E8400FF44A4 /* XCTest.framework in Frameworks */,
				D1027F8A18904E8400FF44A4 /* CoreData.framework in Frameworks */,
				D1027F8918904E8400FF44A4 /* UIKit.framework in Frameworks */,
				D1027F8818904E8400FF44A4 /* Foundation.framework in Frameworks */,
			);
			runOnlyForDeploymentPostprocessing = 0;
		};
		D1974FF81C599AB700894DD3 /* Frameworks */ = {
			isa = PBXFrameworksBuildPhase;
			buildActionMask = 2147483647;
			files = (
			);
			runOnlyForDeploymentPostprocessing = 0;
		};
/* End PBXFrameworksBuildPhase section */

/* Begin PBXGroup section */
		D1027F5C18904E8400FF44A4 = {
			isa = PBXGroup;
			children = (
				D1027F7018904E8400FF44A4 /* Tackle */,
				D1027F8D18904E8400FF44A4 /* TackleTests */,
				D1974FFC1C599AB700894DD3 /* TackleUITests */,
				D1027F6718904E8400FF44A4 /* Frameworks */,
				D1027F6618904E8400FF44A4 /* Products */,
			);
			sourceTree = "<group>";
		};
		D1027F6618904E8400FF44A4 /* Products */ = {
			isa = PBXGroup;
			children = (
				D1027F6518904E8400FF44A4 /* Tackle.app */,
				D1027F8518904E8400FF44A4 /* TackleTests.xctest */,
				D1974FFB1C599AB700894DD3 /* TackleUITests.xctest */,
			);
			name = Products;
			sourceTree = "<group>";
		};
		D1027F6718904E8400FF44A4 /* Frameworks */ = {
			isa = PBXGroup;
			children = (
				D1F0E8781D0F5C3B00C14C28 /* UserNotifications.framework */,
				D1F9688F1A565338009813C0 /* Accelerate.framework */,
				D1027F6E18904E8400FF44A4 /* CoreData.framework */,
				D1027F6A18904E8400FF44A4 /* CoreGraphics.framework */,
				D1027F6818904E8400FF44A4 /* Foundation.framework */,
				D130A1041C593BD700394EDF /* MessageUI.framework */,
				D1027F6C18904E8400FF44A4 /* UIKit.framework */,
				D1027F8618904E8400FF44A4 /* XCTest.framework */,
				D10B9EB31EE62DF5003D4C49 /* IntentsUI.framework */,
			);
			name = Frameworks;
			sourceTree = "<group>";
		};
		D1027F7018904E8400FF44A4 /* Tackle */ = {
			isa = PBXGroup;
			children = (
				D10B9EA41EE62774003D4C49 /* Tackle.entitlements */,
				D1027F7918904E8400FF44A4 /* MRAppDelegate.h */,
				D1027F7A18904E8400FF44A4 /* MRAppDelegate.m */,
				D12E877A18949FFD008119B8 /* Categories */,
				D12E878718957938008119B8 /* Controllers */,
				D19C952818A28DBF009082F3 /* Formatters */,
				D139E57118959EF6007163AD /* Lib */,
				D1027FEF1890545800FF44A4 /* Models */,
				D1AD45BD1A59BDBF001FDAC5 /* Protocols */,
				D12E8774189454E1008119B8 /* Resources */,
				D1027F7118904E8400FF44A4 /* Supporting Files */,
				D12E878818957943008119B8 /* Views */,
			);
			path = Tackle;
			sourceTree = "<group>";
		};
		D1027F7118904E8400FF44A4 /* Supporting Files */ = {
			isa = PBXGroup;
			children = (
				D1027F7318904E8400FF44A4 /* InfoPlist.strings */,
				D1027F7618904E8400FF44A4 /* main.m */,
				D1027F7218904E8400FF44A4 /* Tackle-Info.plist */,
				D1027F7818904E8400FF44A4 /* Tackle-Prefix.pch */,
			);
			path = "Supporting Files";
			sourceTree = "<group>";
		};
		D1027F8D18904E8400FF44A4 /* TackleTests */ = {
			isa = PBXGroup;
			children = (
				D1224AC418A67995001FC205 /* Categories */,
				D1027F8E18904E8400FF44A4 /* Supporting Files */,
			);
			path = TackleTests;
			sourceTree = "<group>";
		};
		D1027F8E18904E8400FF44A4 /* Supporting Files */ = {
			isa = PBXGroup;
			children = (
				D1027F8F18904E8400FF44A4 /* TackleTests-Info.plist */,
				D1027F9018904E8400FF44A4 /* InfoPlist.strings */,
			);
			name = "Supporting Files";
			sourceTree = "<group>";
		};
		D1027FEF1890545800FF44A4 /* Models */ = {
			isa = PBXGroup;
			children = (
				D13A96141B7995280045DC04 /* Tackle.xcdatamodeld */,
				D1027FEC1890535700FF44A4 /* Task.h */,
				D1027FED1890535700FF44A4 /* Task.m */,
				D1CFD4EC1A51F455004489AC /* MRTimeInterval.h */,
				D1CFD4ED1A51F455004489AC /* MRTimeInterval.m */,
				D150541F1A5F5B41000CA868 /* MRNotificationProvider.h */,
				D15054201A5F5B41000CA868 /* MRNotificationProvider.m */,
				D15991641F2E4E0F007204BD /* MRTaskNotification.h */,
				D15991651F2E4E0F007204BD /* MRTaskNotification.m */,
			);
			path = Models;
			sourceTree = "<group>";
		};
		D1224AC418A67995001FC205 /* Categories */ = {
			isa = PBXGroup;
			children = (
				D1224AC518A679AE001FC205 /* NSDate+TackleAdditionsTest.m */,
			);
			name = Categories;
			sourceTree = "<group>";
		};
		D12E8774189454E1008119B8 /* Resources */ = {
			isa = PBXGroup;
			children = (
				D1027F7F18904E8400FF44A4 /* Images.xcassets */,
				C786AB4319D358DF0077F11C /* Launch Screen.xib */,
				D130A10A1C59495800394EDF /* Localizable.strings */,
				D1C6CF7E1C62AF0C00E7DA00 /* tacklespiel.aif */,
			);
			name = Resources;
			sourceTree = "<group>";
		};
		D12E877A18949FFD008119B8 /* Categories */ = {
			isa = PBXGroup;
			children = (
				D19C952518A28ACF009082F3 /* NSDate+TackleAdditions.h */,
				D19C952618A28ACF009082F3 /* NSDate+TackleAdditions.m */,
				D12E8784189573FC008119B8 /* UIColor+TackleAdditions.h */,
				D12E8785189573FC008119B8 /* UIColor+TackleAdditions.m */,
				D12E87811894A07B008119B8 /* UIFont+TackleAdditions.h */,
				D12E87821894A07B008119B8 /* UIFont+TackleAdditions.m */,
				D17BCFB1189F3D05001996C1 /* UIView+TackleConstraintAdditions.h */,
				D17BCFB2189F3D05001996C1 /* UIView+TackleConstraintAdditions.m */,
				D1F0EA1D1C626EFF00E0795E /* UIView+TackleDisplayAdditions.h */,
				D1F0EA1E1C626EFF00E0795E /* UIView+TackleDisplayAdditions.m */,
				D1CF848B1A563D4B0020DB50 /* UIViewController+MRAdditions.h */,
				D1CF848C1A563D4B0020DB50 /* UIViewController+MRAdditions.m */,
				D1224E701C601CBD002AF215 /* UIImage+TackleAdditions.h */,
				D1224E711C601CBD002AF215 /* UIImage+TackleAdditions.m */,
			);
			path = Categories;
			sourceTree = "<group>";
		};
		D12E878718957938008119B8 /* Controllers */ = {
			isa = PBXGroup;
			children = (
				D1D4EB831C59CE3600E15254 /* MRArchiveTableViewController.h */,
				D1D4EB841C59CE3600E15254 /* MRArchiveTableViewController.m */,
				D1D4EB801C59CD6400E15254 /* MRArchiveViewController.h */,
				D1D4EB811C59CD6400E15254 /* MRArchiveViewController.m */,
				D1E141271A4FE23E00992B1E /* MRCalendarCollectionViewController.h */,
				D1E141281A4FE23E00992B1E /* MRCalendarCollectionViewController.m */,
				D1EF53091C582B2300C71997 /* MRCreditsViewController.h */,
				D1EF530A1C582B2300C71997 /* MRCreditsViewController.m */,
				D1BC012B1A539A4B00F87D06 /* MRDatePickerViewController.h */,
				D1BC012C1A539A4B00F87D06 /* MRDatePickerViewController.m */,
				D1CF84851A5639890020DB50 /* MRModalViewController.h */,
				D1CF84861A5639890020DB50 /* MRModalViewController.m */,
				D102344D1C5D611700A3FF74 /* MRNotificationsModalViewController.h */,
				D102344E1C5D611700A3FF74 /* MRNotificationsModalViewController.m */,
				D1E141101A4F7A4300992B1E /* MRRootViewController.h */,
				D1E141111A4F7A4300992B1E /* MRRootViewController.m */,
				D1E141181A4FD37500992B1E /* MRTaskEditNavigationController.h */,
				D1E141191A4FD37500992B1E /* MRTaskEditNavigationController.m */,
				D1E1411B1A4FDA1A00992B1E /* MRTaskEditTableViewController.h */,
				D1E1411C1A4FDA1A00992B1E /* MRTaskEditTableViewController.m */,
				D1E141041A4F79D500992B1E /* MRTaskEditViewController.h */,
				D1E141051A4F79D500992B1E /* MRTaskEditViewController.m */,
				D1E141071A4F79E600992B1E /* MRTaskListViewController.h */,
				D1E141081A4F79E600992B1E /* MRTaskListViewController.m */,
				D1049C291C66E83C00928504 /* MRTaskNotificationsTableViewController.h */,
				D1049C2A1C66E83C00928504 /* MRTaskNotificationsTableViewController.m */,
				D1E1410A1A4F7A0100992B1E /* MRTaskTableViewController.h */,
				D1E1410B1A4F7A0100992B1E /* MRTaskTableViewController.m */,
			);
			path = Controllers;
			sourceTree = "<group>";
		};
		D12E878818957943008119B8 /* Views */ = {
			isa = PBXGroup;
			children = (
				D1E1411E1A4FDD2D00992B1E /* MRAddTimeTableViewCell.h */,
				D1E1411F1A4FDD2D00992B1E /* MRAddTimeTableViewCell.m */,
				D1E141241A4FE22200992B1E /* MRDateCollectionViewCell.h */,
				D1E141251A4FE22200992B1E /* MRDateCollectionViewCell.m */,
				D1E141211A4FE09C00992B1E /* MRHorizontalButton.h */,
				D1E141221A4FE09C00992B1E /* MRHorizontalButton.m */,
				D16285691A55AB770006929E /* MRScrollView.h */,
				D162856A1A55AB770006929E /* MRScrollView.m */,
				D14BEC561C633A91009DF800 /* MRTaskArchiveTableViewCell.h */,
				D14BEC571C633A91009DF800 /* MRTaskArchiveTableViewCell.m */,
				D1049C2C1C66E8A100928504 /* MRTaskNotificationTableViewCell.h */,
				D1049C2D1C66E8A100928504 /* MRTaskNotificationTableViewCell.m */,
				D1E1410D1A4F7A1E00992B1E /* MRTaskTableViewCell.h */,
				D1E1410E1A4F7A1E00992B1E /* MRTaskTableViewCell.m */,
			);
			path = Views;
			sourceTree = "<group>";
		};
		D139E57118959EF6007163AD /* Lib */ = {
			isa = PBXGroup;
			children = (
				D1A3FDD91A505EE400A384FE /* PaintCodeStyleKit.h */,
				D1A3FDDA1A505EE400A384FE /* PaintCodeStyleKit.m */,
				D194BEB918A1CCC600E5E4DA /* MRHeartbeat.h */,
				D194BEBA18A1CCC600E5E4DA /* MRHeartbeat.m */,
				D1E141301A4FEC8700992B1E /* MRCalendarCollectionViewFlowLayout.h */,
				D1E141311A4FEC8700992B1E /* MRCalendarCollectionViewFlowLayout.m */,
				D1F652901AF1317500085D88 /* MRPersistenceController.h */,
				D1F652911AF1317500085D88 /* MRPersistenceController.m */,
				D1C6CF751C6293F500E7DA00 /* MRDatePickerProvider.h */,
				D1C6CF761C6293F500E7DA00 /* MRDatePickerProvider.m */,
				D1EEDFEB1C6AE1820020B083 /* MRNotificationPermissionsProvider.h */,
				D1EEDFEC1C6AE1820020B083 /* MRNotificationPermissionsProvider.m */,
				D1DCB1611C6B9A0700E85F30 /* MRTimer.h */,
				D1DCB1621C6B9A0700E85F30 /* MRTimer.m */,
			);
			path = Lib;
			sourceTree = "<group>";
		};
		D1974FFC1C599AB700894DD3 /* TackleUITests */ = {
			isa = PBXGroup;
			children = (
				D1974FFD1C599AB700894DD3 /* TackleUITests.m */,
				D1974FFF1C599AB700894DD3 /* Info.plist */,
			);
			path = TackleUITests;
			sourceTree = "<group>";
		};
		D19C952818A28DBF009082F3 /* Formatters */ = {
			isa = PBXGroup;
			children = (
				D139E57218959F41007163AD /* MRLongDateFormatter.h */,
				D139E57318959F41007163AD /* MRLongDateFormatter.m */,
				D19C952918A29297009082F3 /* MRMediumDateFormatter.h */,
				D19C952A18A29297009082F3 /* MRMediumDateFormatter.m */,
				D19C952C18A29368009082F3 /* MRShortDateFormatter.h */,
				D19C952D18A29368009082F3 /* MRShortDateFormatter.m */,
				D1A36E5818A2B2070020EAEB /* MRTimeDateFormatter.h */,
				D1A36E5918A2B2070020EAEB /* MRTimeDateFormatter.m */,
				D1E1412A1A4FE77F00992B1E /* MRWeekdayDateFormatter.h */,
				D1E1412B1A4FE77F00992B1E /* MRWeekdayDateFormatter.m */,
				D1E1412D1A4FE82000992B1E /* MRDayOfMonthDateFormatter.h */,
				D1E1412E1A4FE82000992B1E /* MRDayOfMonthDateFormatter.m */,
				D1A3FDDC1A511B9F00A384FE /* MRMonthDateFormatter.h */,
				D1A3FDDD1A511B9F00A384FE /* MRMonthDateFormatter.m */,
				D14BEC591C6340C7009DF800 /* MRFullDateFormatter.h */,
				D14BEC5A1C6340C7009DF800 /* MRFullDateFormatter.m */,
			);
			path = Formatters;
			sourceTree = "<group>";
		};
		D1AD45BD1A59BDBF001FDAC5 /* Protocols */ = {
			isa = PBXGroup;
			children = (
				D1AD45BE1A59BDE3001FDAC5 /* MRTaskTableViewDelegate.h */,
				D1345D6C1C59D7C9008A2652 /* MRArchiveTaskTableViewDelegate.h */,
			);
			path = Protocols;
			sourceTree = "<group>";
		};
/* End PBXGroup section */

/* Begin PBXNativeTarget section */
		D1027F6418904E8400FF44A4 /* Tackle */ = {
			isa = PBXNativeTarget;
			buildConfigurationList = D1027F9718904E8400FF44A4 /* Build configuration list for PBXNativeTarget "Tackle" */;
			buildPhases = (
				D1027F6118904E8400FF44A4 /* Sources */,
				D1027F6218904E8400FF44A4 /* Frameworks */,
				D1027F6318904E8400FF44A4 /* Resources */,
				D15054191A5F54AA000CA868 /* Embed App Extensions */,
				D12D719E1B78FAE1008CF978 /* Embed Watch Content */,
			);
			buildRules = (
			);
			dependencies = (
			);
			name = Tackle;
			productName = Tackle;
			productReference = D1027F6518904E8400FF44A4 /* Tackle.app */;
			productType = "com.apple.product-type.application";
		};
		D1027F8418904E8400FF44A4 /* TackleTests */ = {
			isa = PBXNativeTarget;
			buildConfigurationList = D1027F9A18904E8400FF44A4 /* Build configuration list for PBXNativeTarget "TackleTests" */;
			buildPhases = (
				D1027F8118904E8400FF44A4 /* Sources */,
				D1027F8218904E8400FF44A4 /* Frameworks */,
				D1027F8318904E8400FF44A4 /* Resources */,
			);
			buildRules = (
			);
			dependencies = (
				D1027F8C18904E8400FF44A4 /* PBXTargetDependency */,
			);
			name = TackleTests;
			productName = TackleTests;
			productReference = D1027F8518904E8400FF44A4 /* TackleTests.xctest */;
			productType = "com.apple.product-type.bundle.unit-test";
		};
		D1974FFA1C599AB700894DD3 /* TackleUITests */ = {
			isa = PBXNativeTarget;
			buildConfigurationList = D19750041C599AB700894DD3 /* Build configuration list for PBXNativeTarget "TackleUITests" */;
			buildPhases = (
				D1974FF71C599AB700894DD3 /* Sources */,
				D1974FF81C599AB700894DD3 /* Frameworks */,
				D1974FF91C599AB700894DD3 /* Resources */,
			);
			buildRules = (
			);
			dependencies = (
				D19750011C599AB700894DD3 /* PBXTargetDependency */,
			);
			name = TackleUITests;
			productName = TackleUITests;
			productReference = D1974FFB1C599AB700894DD3 /* TackleUITests.xctest */;
			productType = "com.apple.product-type.bundle.ui-testing";
		};
/* End PBXNativeTarget section */

/* Begin PBXProject section */
		D1027F5D18904E8400FF44A4 /* Project object */ = {
			isa = PBXProject;
			attributes = {
				CLASSPREFIX = MR;
				LastSwiftUpdateCheck = 0900;
				LastUpgradeCheck = 1000;
				ORGANIZATIONNAME = "Melody Road";
				TargetAttributes = {
					D1027F6418904E8400FF44A4 = {
						DevelopmentTeam = 42UWJ9W9ZX;
						LastSwiftMigration = 0900;
						SystemCapabilities = {
							com.apple.ApplicationGroups.iOS = {
								enabled = 0;
							};
							com.apple.Siri = {
								enabled = 0;
							};
						};
					};
					D1027F8418904E8400FF44A4 = {
						TestTargetID = D1027F6418904E8400FF44A4;
					};
					D1974FFA1C599AB700894DD3 = {
						CreatedOnToolsVersion = 7.3;
						TestTargetID = D1027F6418904E8400FF44A4;
					};
				};
			};
			buildConfigurationList = D1027F6018904E8400FF44A4 /* Build configuration list for PBXProject "Tackle" */;
			compatibilityVersion = "Xcode 3.2";
			developmentRegion = English;
			hasScannedForEncodings = 0;
			knownRegions = (
				en,
				Base,
			);
			mainGroup = D1027F5C18904E8400FF44A4;
			productRefGroup = D1027F6618904E8400FF44A4 /* Products */;
			projectDirPath = "";
			projectRoot = "";
			targets = (
				D1027F6418904E8400FF44A4 /* Tackle */,
				D1027F8418904E8400FF44A4 /* TackleTests */,
				D1974FFA1C599AB700894DD3 /* TackleUITests */,
			);
		};
/* End PBXProject section */

/* Begin PBXResourcesBuildPhase section */
		D1027F6318904E8400FF44A4 /* Resources */ = {
			isa = PBXResourcesBuildPhase;
			buildActionMask = 2147483647;
			files = (
				D1C6CF7F1C62AF0C00E7DA00 /* tacklespiel.aif in Resources */,
				D1027F7518904E8400FF44A4 /* InfoPlist.strings in Resources */,
				D130A1081C59495800394EDF /* Localizable.strings in Resources */,
				D1027F8018904E8400FF44A4 /* Images.xcassets in Resources */,
				C786AB4419D358DF0077F11C /* Launch Screen.xib in Resources */,
			);
			runOnlyForDeploymentPostprocessing = 0;
		};
		D1027F8318904E8400FF44A4 /* Resources */ = {
			isa = PBXResourcesBuildPhase;
			buildActionMask = 2147483647;
			files = (
				D1027F9218904E8400FF44A4 /* InfoPlist.strings in Resources */,
			);
			runOnlyForDeploymentPostprocessing = 0;
		};
		D1974FF91C599AB700894DD3 /* Resources */ = {
			isa = PBXResourcesBuildPhase;
			buildActionMask = 2147483647;
			files = (
			);
			runOnlyForDeploymentPostprocessing = 0;
		};
/* End PBXResourcesBuildPhase section */

/* Begin PBXSourcesBuildPhase section */
		D1027F6118904E8400FF44A4 /* Sources */ = {
			isa = PBXSourcesBuildPhase;
			buildActionMask = 2147483647;
			files = (
				D1CF84871A5639890020DB50 /* MRModalViewController.m in Sources */,
				D1D4EB851C59CE3600E15254 /* MRArchiveTableViewController.m in Sources */,
				D13A96161B7995280045DC04 /* Tackle.xcdatamodeld in Sources */,
				D1027FEE1890535700FF44A4 /* Task.m in Sources */,
				D1A3FDDE1A511B9F00A384FE /* MRMonthDateFormatter.m in Sources */,
				D1F0EA1F1C626EFF00E0795E /* UIView+TackleDisplayAdditions.m in Sources */,
				D1E1410F1A4F7A1E00992B1E /* MRTaskTableViewCell.m in Sources */,
				D1E141091A4F79E600992B1E /* MRTaskListViewController.m in Sources */,
				D139E57418959F41007163AD /* MRLongDateFormatter.m in Sources */,
				D15991661F2E4E0F007204BD /* MRTaskNotification.m in Sources */,
				D19C952718A28ACF009082F3 /* NSDate+TackleAdditions.m in Sources */,
				D19C952B18A29297009082F3 /* MRMediumDateFormatter.m in Sources */,
				D1E141321A4FEC8700992B1E /* MRCalendarCollectionViewFlowLayout.m in Sources */,
				D1E1412F1A4FE82000992B1E /* MRDayOfMonthDateFormatter.m in Sources */,
				D1E141201A4FDD2D00992B1E /* MRAddTimeTableViewCell.m in Sources */,
				D1027F7718904E8400FF44A4 /* main.m in Sources */,
				D19C952E18A29368009082F3 /* MRShortDateFormatter.m in Sources */,
				D1DCB1631C6B9A0700E85F30 /* MRTimer.m in Sources */,
				D1EF530B1C582B2300C71997 /* MRCreditsViewController.m in Sources */,
				D1E141121A4F7A4300992B1E /* MRRootViewController.m in Sources */,
				D15054211A5F5B41000CA868 /* MRNotificationProvider.m in Sources */,
				D162856B1A55AB770006929E /* MRScrollView.m in Sources */,
				D14BEC5B1C6340C7009DF800 /* MRFullDateFormatter.m in Sources */,
				D1E141061A4F79D500992B1E /* MRTaskEditViewController.m in Sources */,
				D12E8786189573FC008119B8 /* UIColor+TackleAdditions.m in Sources */,
				D1F652921AF1317500085D88 /* MRPersistenceController.m in Sources */,
				D1E141291A4FE23E00992B1E /* MRCalendarCollectionViewController.m in Sources */,
				D1A3FDDB1A505EE400A384FE /* PaintCodeStyleKit.m in Sources */,
				D1BC012D1A539A4B00F87D06 /* MRDatePickerViewController.m in Sources */,
				D12E87831894A07B008119B8 /* UIFont+TackleAdditions.m in Sources */,
				D1C6CF771C6293F500E7DA00 /* MRDatePickerProvider.m in Sources */,
				D1049C2B1C66E83C00928504 /* MRTaskNotificationsTableViewController.m in Sources */,
				D14BEC581C633A91009DF800 /* MRTaskArchiveTableViewCell.m in Sources */,
				D1E1410C1A4F7A0100992B1E /* MRTaskTableViewController.m in Sources */,
				D1E1412C1A4FE77F00992B1E /* MRWeekdayDateFormatter.m in Sources */,
				D17BCFB3189F3D05001996C1 /* UIView+TackleConstraintAdditions.m in Sources */,
				D1E1411D1A4FDA1A00992B1E /* MRTaskEditTableViewController.m in Sources */,
				D1E1411A1A4FD37500992B1E /* MRTaskEditNavigationController.m in Sources */,
				D1E141261A4FE22200992B1E /* MRDateCollectionViewCell.m in Sources */,
				D102344F1C5D611800A3FF74 /* MRNotificationsModalViewController.m in Sources */,
				D1EEDFED1C6AE1820020B083 /* MRNotificationPermissionsProvider.m in Sources */,
				D1027F7B18904E8400FF44A4 /* MRAppDelegate.m in Sources */,
				D1E141231A4FE09C00992B1E /* MRHorizontalButton.m in Sources */,
				D194BEBB18A1CCC600E5E4DA /* MRHeartbeat.m in Sources */,
				D1224E721C601CBD002AF215 /* UIImage+TackleAdditions.m in Sources */,
				D1049C2E1C66E8A100928504 /* MRTaskNotificationTableViewCell.m in Sources */,
				D1CFD4EE1A51F455004489AC /* MRTimeInterval.m in Sources */,
				D1A36E5A18A2B2070020EAEB /* MRTimeDateFormatter.m in Sources */,
				D1CF848D1A563D4B0020DB50 /* UIViewController+MRAdditions.m in Sources */,
				D1D4EB821C59CD6400E15254 /* MRArchiveViewController.m in Sources */,
			);
			runOnlyForDeploymentPostprocessing = 0;
		};
		D1027F8118904E8400FF44A4 /* Sources */ = {
			isa = PBXSourcesBuildPhase;
			buildActionMask = 2147483647;
			files = (
				D1224AC618A679AE001FC205 /* NSDate+TackleAdditionsTest.m in Sources */,
			);
			runOnlyForDeploymentPostprocessing = 0;
		};
		D1974FF71C599AB700894DD3 /* Sources */ = {
			isa = PBXSourcesBuildPhase;
			buildActionMask = 2147483647;
			files = (
				D1974FFE1C599AB700894DD3 /* TackleUITests.m in Sources */,
			);
			runOnlyForDeploymentPostprocessing = 0;
		};
/* End PBXSourcesBuildPhase section */

/* Begin PBXTargetDependency section */
		D1027F8C18904E8400FF44A4 /* PBXTargetDependency */ = {
			isa = PBXTargetDependency;
			target = D1027F6418904E8400FF44A4 /* Tackle */;
			targetProxy = D1027F8B18904E8400FF44A4 /* PBXContainerItemProxy */;
		};
		D19750011C599AB700894DD3 /* PBXTargetDependency */ = {
			isa = PBXTargetDependency;
			target = D1027F6418904E8400FF44A4 /* Tackle */;
			targetProxy = D19750001C599AB700894DD3 /* PBXContainerItemProxy */;
		};
/* End PBXTargetDependency section */

/* Begin PBXVariantGroup section */
		D1027F7318904E8400FF44A4 /* InfoPlist.strings */ = {
			isa = PBXVariantGroup;
			children = (
				D1027F7418904E8400FF44A4 /* en */,
			);
			name = InfoPlist.strings;
			sourceTree = "<group>";
		};
		D1027F9018904E8400FF44A4 /* InfoPlist.strings */ = {
			isa = PBXVariantGroup;
			children = (
				D1027F9118904E8400FF44A4 /* en */,
			);
			name = InfoPlist.strings;
			sourceTree = "<group>";
		};
		D130A10A1C59495800394EDF /* Localizable.strings */ = {
			isa = PBXVariantGroup;
			children = (
				D130A1091C59495800394EDF /* Base */,
			);
			name = Localizable.strings;
			sourceTree = "<group>";
		};
/* End PBXVariantGroup section */

/* Begin XCBuildConfiguration section */
		D1027F9518904E8400FF44A4 /* Debug */ = {
			isa = XCBuildConfiguration;
			buildSettings = {
				ALWAYS_SEARCH_USER_PATHS = NO;
				CLANG_CXX_LANGUAGE_STANDARD = "gnu++0x";
				CLANG_CXX_LIBRARY = "libc++";
				CLANG_ENABLE_MODULES = YES;
				CLANG_ENABLE_OBJC_ARC = YES;
				CLANG_WARN_BLOCK_CAPTURE_AUTORELEASING = YES;
				CLANG_WARN_BOOL_CONVERSION = YES;
				CLANG_WARN_COMMA = YES;
				CLANG_WARN_CONSTANT_CONVERSION = YES;
				CLANG_WARN_DEPRECATED_OBJC_IMPLEMENTATIONS = YES;
				CLANG_WARN_DIRECT_OBJC_ISA_USAGE = YES_ERROR;
				CLANG_WARN_EMPTY_BODY = YES;
				CLANG_WARN_ENUM_CONVERSION = YES;
				CLANG_WARN_INFINITE_RECURSION = YES;
				CLANG_WARN_INT_CONVERSION = YES;
				CLANG_WARN_NON_LITERAL_NULL_CONVERSION = YES;
				CLANG_WARN_OBJC_IMPLICIT_RETAIN_SELF = YES;
				CLANG_WARN_OBJC_LITERAL_CONVERSION = YES;
				CLANG_WARN_OBJC_ROOT_CLASS = YES_ERROR;
				CLANG_WARN_RANGE_LOOP_ANALYSIS = YES;
				CLANG_WARN_STRICT_PROTOTYPES = YES;
				CLANG_WARN_SUSPICIOUS_MOVE = YES;
				CLANG_WARN_UNREACHABLE_CODE = YES;
				CLANG_WARN__DUPLICATE_METHOD_MATCH = YES;
				"CODE_SIGN_IDENTITY[sdk=iphoneos*]" = "iPhone Developer";
				COPY_PHASE_STRIP = NO;
				ENABLE_STRICT_OBJC_MSGSEND = YES;
				ENABLE_TESTABILITY = YES;
				GCC_C_LANGUAGE_STANDARD = gnu99;
				GCC_DYNAMIC_NO_PIC = NO;
				GCC_NO_COMMON_BLOCKS = YES;
				GCC_OPTIMIZATION_LEVEL = 0;
				GCC_PREPROCESSOR_DEFINITIONS = (
					"DEBUG=1",
					"$(inherited)",
				);
				GCC_SYMBOLS_PRIVATE_EXTERN = NO;
				GCC_TREAT_WARNINGS_AS_ERRORS = YES;
				GCC_WARN_64_TO_32_BIT_CONVERSION = YES;
				GCC_WARN_ABOUT_RETURN_TYPE = YES_ERROR;
				GCC_WARN_UNDECLARED_SELECTOR = YES;
				GCC_WARN_UNINITIALIZED_AUTOS = YES;
				GCC_WARN_UNUSED_FUNCTION = YES;
				GCC_WARN_UNUSED_VARIABLE = YES;
				IPHONEOS_DEPLOYMENT_TARGET = 11.0;
				ONLY_ACTIVE_ARCH = YES;
				RUN_CLANG_STATIC_ANALYZER = NO;
				SDKROOT = iphoneos;
			};
			name = Debug;
		};
		D1027F9618904E8400FF44A4 /* Release */ = {
			isa = XCBuildConfiguration;
			buildSettings = {
				ALWAYS_SEARCH_USER_PATHS = NO;
				CLANG_CXX_LANGUAGE_STANDARD = "gnu++0x";
				CLANG_CXX_LIBRARY = "libc++";
				CLANG_ENABLE_MODULES = YES;
				CLANG_ENABLE_OBJC_ARC = YES;
				CLANG_WARN_BLOCK_CAPTURE_AUTORELEASING = YES;
				CLANG_WARN_BOOL_CONVERSION = YES;
				CLANG_WARN_COMMA = YES;
				CLANG_WARN_CONSTANT_CONVERSION = YES;
				CLANG_WARN_DEPRECATED_OBJC_IMPLEMENTATIONS = YES;
				CLANG_WARN_DIRECT_OBJC_ISA_USAGE = YES_ERROR;
				CLANG_WARN_EMPTY_BODY = YES;
				CLANG_WARN_ENUM_CONVERSION = YES;
				CLANG_WARN_INFINITE_RECURSION = YES;
				CLANG_WARN_INT_CONVERSION = YES;
				CLANG_WARN_NON_LITERAL_NULL_CONVERSION = YES;
				CLANG_WARN_OBJC_IMPLICIT_RETAIN_SELF = YES;
				CLANG_WARN_OBJC_LITERAL_CONVERSION = YES;
				CLANG_WARN_OBJC_ROOT_CLASS = YES_ERROR;
				CLANG_WARN_RANGE_LOOP_ANALYSIS = YES;
				CLANG_WARN_STRICT_PROTOTYPES = YES;
				CLANG_WARN_SUSPICIOUS_MOVE = YES;
				CLANG_WARN_UNREACHABLE_CODE = YES;
				CLANG_WARN__DUPLICATE_METHOD_MATCH = YES;
				"CODE_SIGN_IDENTITY[sdk=iphoneos*]" = "iPhone Developer";
				COPY_PHASE_STRIP = YES;
				ENABLE_NS_ASSERTIONS = NO;
				ENABLE_STRICT_OBJC_MSGSEND = YES;
				GCC_C_LANGUAGE_STANDARD = gnu99;
				GCC_NO_COMMON_BLOCKS = YES;
				GCC_TREAT_WARNINGS_AS_ERRORS = YES;
				GCC_WARN_64_TO_32_BIT_CONVERSION = YES;
				GCC_WARN_ABOUT_RETURN_TYPE = YES_ERROR;
				GCC_WARN_UNDECLARED_SELECTOR = YES;
				GCC_WARN_UNINITIALIZED_AUTOS = YES;
				GCC_WARN_UNUSED_FUNCTION = YES;
				GCC_WARN_UNUSED_VARIABLE = YES;
				IPHONEOS_DEPLOYMENT_TARGET = 11.0;
				RUN_CLANG_STATIC_ANALYZER = NO;
				SDKROOT = iphoneos;
				SWIFT_OPTIMIZATION_LEVEL = "-Owholemodule";
				VALIDATE_PRODUCT = YES;
			};
			name = Release;
		};
		D1027F9818904E8400FF44A4 /* Debug */ = {
			isa = XCBuildConfiguration;
			buildSettings = {
				ALWAYS_EMBED_SWIFT_STANDARD_LIBRARIES = YES;
				ASSETCATALOG_COMPILER_APPICON_NAME = AppIcon;
				ASSETCATALOG_COMPILER_LAUNCHIMAGE_NAME = LaunchImage;
				CLANG_ENABLE_MODULES = YES;
				CODE_SIGN_IDENTITY = "iPhone Developer";
				"CODE_SIGN_IDENTITY[sdk=iphoneos*]" = "iPhone Developer";
				CURRENT_PROJECT_VERSION = 75;
				FRAMEWORK_SEARCH_PATHS = (
					"$(inherited)",
					"$(PROJECT_DIR)",
				);
				GCC_PRECOMPILE_PREFIX_HEADER = NO;
				GCC_PREFIX_HEADER = "Tackle/Supporting Files/Tackle-Prefix.pch";
				INFOPLIST_FILE = "Tackle/Supporting Files/Tackle-Info.plist";
				LD_RUNPATH_SEARCH_PATHS = "$(inherited) @executable_path/Frameworks";
				"OTHER_LDFLAGS[arch=*]" = "";
				PRODUCT_BUNDLE_IDENTIFIER = "com.melodyroad.${PRODUCT_NAME:rfc1034identifier}";
				PRODUCT_NAME = "$(TARGET_NAME)";
				PROVISIONING_PROFILE = "";
				SWIFT_OPTIMIZATION_LEVEL = "-Onone";
				SWIFT_VERSION = 3.0;
				TARGETED_DEVICE_FAMILY = 1;
				VERSIONING_SYSTEM = "apple-generic";
				WRAPPER_EXTENSION = app;
			};
			name = Debug;
		};
		D1027F9918904E8400FF44A4 /* Release */ = {
			isa = XCBuildConfiguration;
			buildSettings = {
				ALWAYS_EMBED_SWIFT_STANDARD_LIBRARIES = YES;
				ASSETCATALOG_COMPILER_APPICON_NAME = AppIcon;
				ASSETCATALOG_COMPILER_LAUNCHIMAGE_NAME = LaunchImage;
				CLANG_ENABLE_MODULES = YES;
				CODE_SIGN_IDENTITY = "iPhone Distribution";
				"CODE_SIGN_IDENTITY[sdk=iphoneos*]" = "iPhone Distribution";
				CURRENT_PROJECT_VERSION = 75;
				FRAMEWORK_SEARCH_PATHS = (
					"$(inherited)",
					"$(PROJECT_DIR)",
				);
				GCC_PRECOMPILE_PREFIX_HEADER = NO;
				GCC_PREFIX_HEADER = "Tackle/Supporting Files/Tackle-Prefix.pch";
				INFOPLIST_FILE = "Tackle/Supporting Files/Tackle-Info.plist";
				LD_RUNPATH_SEARCH_PATHS = "$(inherited) @executable_path/Frameworks";
				PRODUCT_BUNDLE_IDENTIFIER = "com.melodyroad.${PRODUCT_NAME:rfc1034identifier}";
				PRODUCT_NAME = "$(TARGET_NAME)";
				PROVISIONING_PROFILE = "";
				SWIFT_VERSION = 3.0;
				TARGETED_DEVICE_FAMILY = 1;
				VERSIONING_SYSTEM = "apple-generic";
				WRAPPER_EXTENSION = app;
			};
			name = Release;
		};
		D1027F9B18904E8400FF44A4 /* Debug */ = {
			isa = XCBuildConfiguration;
			buildSettings = {
				BUNDLE_LOADER = "$(BUILT_PRODUCTS_DIR)/Tackle.app/Tackle";
				FRAMEWORK_SEARCH_PATHS = (
					"$(SDKROOT)/Developer/Library/Frameworks",
					"$(inherited)",
					"$(DEVELOPER_FRAMEWORKS_DIR)",
				);
				GCC_PRECOMPILE_PREFIX_HEADER = NO;
				GCC_PREFIX_HEADER = "Tackle/Supporting Files/Tackle-Prefix.pch";
				GCC_PREPROCESSOR_DEFINITIONS = (
					"DEBUG=1",
					"$(inherited)",
				);
				INFOPLIST_FILE = "TackleTests/TackleTests-Info.plist";
				PRODUCT_BUNDLE_IDENTIFIER = "com.melodyroad.${PRODUCT_NAME:rfc1034identifier}";
				PRODUCT_NAME = "$(TARGET_NAME)";
				TEST_HOST = "$(BUNDLE_LOADER)";
				WRAPPER_EXTENSION = xctest;
			};
			name = Debug;
		};
		D1027F9C18904E8400FF44A4 /* Release */ = {
			isa = XCBuildConfiguration;
			buildSettings = {
				BUNDLE_LOADER = "$(BUILT_PRODUCTS_DIR)/Tackle.app/Tackle";
				FRAMEWORK_SEARCH_PATHS = (
					"$(SDKROOT)/Developer/Library/Frameworks",
					"$(inherited)",
					"$(DEVELOPER_FRAMEWORKS_DIR)",
				);
				GCC_PRECOMPILE_PREFIX_HEADER = NO;
				GCC_PREFIX_HEADER = "Tackle/Supporting Files/Tackle-Prefix.pch";
				INFOPLIST_FILE = "TackleTests/TackleTests-Info.plist";
				PRODUCT_BUNDLE_IDENTIFIER = "com.melodyroad.${PRODUCT_NAME:rfc1034identifier}";
				PRODUCT_NAME = "$(TARGET_NAME)";
				TEST_HOST = "$(BUNDLE_LOADER)";
				WRAPPER_EXTENSION = xctest;
			};
			name = Release;
		};
		D19750021C599AB700894DD3 /* Debug */ = {
			isa = XCBuildConfiguration;
			buildSettings = {
				CLANG_WARN_UNREACHABLE_CODE = YES;
				DEBUG_INFORMATION_FORMAT = dwarf;
				ENABLE_STRICT_OBJC_MSGSEND = YES;
				GCC_NO_COMMON_BLOCKS = YES;
				GCC_WARN_UNINITIALIZED_AUTOS = YES_AGGRESSIVE;
				INFOPLIST_FILE = TackleUITests/Info.plist;
				IPHONEOS_DEPLOYMENT_TARGET = 9.0;
				LD_RUNPATH_SEARCH_PATHS = "$(inherited) @executable_path/Frameworks @loader_path/Frameworks";
				MTL_ENABLE_DEBUG_INFO = YES;
				PRODUCT_BUNDLE_IDENTIFIER = com.melodyroad.TackleUITests;
				PRODUCT_NAME = "$(TARGET_NAME)";
				TEST_TARGET_NAME = Tackle;
			};
			name = Debug;
		};
		D19750031C599AB700894DD3 /* Release */ = {
			isa = XCBuildConfiguration;
			buildSettings = {
				CLANG_WARN_UNREACHABLE_CODE = YES;
				COPY_PHASE_STRIP = NO;
				DEBUG_INFORMATION_FORMAT = "dwarf-with-dsym";
				ENABLE_STRICT_OBJC_MSGSEND = YES;
				GCC_NO_COMMON_BLOCKS = YES;
				GCC_WARN_UNINITIALIZED_AUTOS = YES_AGGRESSIVE;
				INFOPLIST_FILE = TackleUITests/Info.plist;
				IPHONEOS_DEPLOYMENT_TARGET = 9.0;
				LD_RUNPATH_SEARCH_PATHS = "$(inherited) @executable_path/Frameworks @loader_path/Frameworks";
				MTL_ENABLE_DEBUG_INFO = NO;
				PRODUCT_BUNDLE_IDENTIFIER = com.melodyroad.TackleUITests;
				PRODUCT_NAME = "$(TARGET_NAME)";
				TEST_TARGET_NAME = Tackle;
			};
			name = Release;
		};
/* End XCBuildConfiguration section */

/* Begin XCConfigurationList section */
		D1027F6018904E8400FF44A4 /* Build configuration list for PBXProject "Tackle" */ = {
			isa = XCConfigurationList;
			buildConfigurations = (
				D1027F9518904E8400FF44A4 /* Debug */,
				D1027F9618904E8400FF44A4 /* Release */,
			);
			defaultConfigurationIsVisible = 0;
			defaultConfigurationName = Release;
		};
		D1027F9718904E8400FF44A4 /* Build configuration list for PBXNativeTarget "Tackle" */ = {
			isa = XCConfigurationList;
			buildConfigurations = (
				D1027F9818904E8400FF44A4 /* Debug */,
				D1027F9918904E8400FF44A4 /* Release */,
			);
			defaultConfigurationIsVisible = 0;
			defaultConfigurationName = Release;
		};
		D1027F9A18904E8400FF44A4 /* Build configuration list for PBXNativeTarget "TackleTests" */ = {
			isa = XCConfigurationList;
			buildConfigurations = (
				D1027F9B18904E8400FF44A4 /* Debug */,
				D1027F9C18904E8400FF44A4 /* Release */,
			);
			defaultConfigurationIsVisible = 0;
			defaultConfigurationName = Release;
		};
		D19750041C599AB700894DD3 /* Build configuration list for PBXNativeTarget "TackleUITests" */ = {
			isa = XCConfigurationList;
			buildConfigurations = (
				D19750021C599AB700894DD3 /* Debug */,
				D19750031C599AB700894DD3 /* Release */,
			);
			defaultConfigurationIsVisible = 0;
			defaultConfigurationName = Release;
		};
/* End XCConfigurationList section */

/* Begin XCVersionGroup section */
		D13A96141B7995280045DC04 /* Tackle.xcdatamodeld */ = {
			isa = XCVersionGroup;
			children = (
				D13A96151B7995280045DC04 /* Tackle.xcdatamodel */,
			);
			currentVersion = D13A96151B7995280045DC04 /* Tackle.xcdatamodel */;
			path = Tackle.xcdatamodeld;
			sourceTree = "<group>";
			versionGroupType = wrapper.xcdatamodel;
		};
/* End XCVersionGroup section */
	};
	rootObject = D1027F5D18904E8400FF44A4 /* Project object */;
}
